
Microsoft Visual Studio Solution File, Format Version 12.00
# Visual Studio Version 16
VisualStudioVersion = 16.0.31005.135
MinimumVisualStudioVersion = 10.0.40219.1
Project("{FAE04EC0-301F-11D3-BF4B-00C04F79EFBC}") = "Dişçi Otomasyonu", "Dişçi Otomasyonu\Dişçi Otomasyonu.csproj", "{DABDAAAE-2974-46EA-B296-56D882360114}"
EndProject
Global
	GlobalSection(SolutionConfigurationPlatforms) = preSolution
		Debug|Any CPU = Debug|Any CPU
		Release|Any CPU = Release|Any CPU
	EndGlobalSection
	GlobalSection(ProjectConfigurationPlatforms) = postSolution
		{DABDAAAE-2974-46EA-B296-56D882360114}.Debug|Any CPU.ActiveCfg = Debug|Any CPU
		{DABDAAAE-2974-46EA-B296-56D882360114}.Debug|Any CPU.Build.0 = Debug|Any CPU
		{DABDAAAE-2974-46EA-B296-56D882360114}.Release|Any CPU.ActiveCfg = Release|Any CPU
		{DABDAAAE-2974-46EA-B296-56D882360114}.Release|Any CPU.Build.0 = Release|Any CPU
	EndGlobalSection
	GlobalSection(SolutionProperties) = preSolution
		HideSolutionNode = FALSE
	EndGlobalSection
	GlobalSection(ExtensibilityGlobals) = postSolution
		SolutionGuid = {1D78AD56-EBD0-484B-AF48-EF8A63DE9BB2}
	EndGlobalSection
EndGlobal
